
Microsoft Visual Studio Solution File, Format Version 12.00
# Visual Studio Version 16
VisualStudioVersion = 16.0.30804.86
MinimumVisualStudioVersion = 10.0.40219.1
Project("{FAE04EC0-301F-11D3-BF4B-00C04F79EFBC}") = "Merge-Sort Algorithm", "Merge-Sort Algorithm\Merge-Sort Algorithm.csproj", "{35862CC5-3179-4B77-867B-5F1E25B4EC6C}"
EndProject
Global
	GlobalSection(SolutionConfigurationPlatforms) = preSolution
		Debug|Any CPU = Debug|Any CPU
		Release|Any CPU = Release|Any CPU
	EndGlobalSection
	GlobalSection(ProjectConfigurationPlatforms) = postSolution
		{35862CC5-3179-4B77-867B-5F1E25B4EC6C}.Debug|Any CPU.ActiveCfg = Debug|Any CPU
		{35862CC5-3179-4B77-867B-5F1E25B4EC6C}.Debug|Any CPU.Build.0 = Debug|Any CPU
		{35862CC5-3179-4B77-867B-5F1E25B4EC6C}.Release|Any CPU.ActiveCfg = Release|Any CPU
		{35862CC5-3179-4B77-867B-5F1E25B4EC6C}.Release|Any CPU.Build.0 = Release|Any CPU
	EndGlobalSection
	GlobalSection(SolutionProperties) = preSolution
		HideSolutionNode = FALSE
	EndGlobalSection
	GlobalSection(ExtensibilityGlobals) = postSolution
		SolutionGuid = {768AE966-C798-4A37-8B47-6F90CBC04A1C}
	EndGlobalSection
EndGlobal
